
Microsoft Visual Studio Solution File, Format Version 12.00
# Visual Studio 15
VisualStudioVersion = 15.0.28307.489
MinimumVisualStudioVersion = 10.0.40219.1
Project("{FAE04EC0-301F-11D3-BF4B-00C04F79EFBC}") = "Buco", "Buco\Buco.csproj", "{57947A89-39A8-4DC9-93AC-B9B243FF7892}"
EndProject
Global
	GlobalSection(SolutionConfigurationPlatforms) = preSolution
		Debug|Any CPU = Debug|Any CPU
		Release|Any CPU = Release|Any CPU
	EndGlobalSection
	GlobalSection(ProjectConfigurationPlatforms) = postSolution
		{57947A89-39A8-4DC9-93AC-B9B243FF7892}.Debug|Any CPU.ActiveCfg = Debug|Any CPU
		{57947A89-39A8-4DC9-93AC-B9B243FF7892}.Debug|Any CPU.Build.0 = Debug|Any CPU
		{57947A89-39A8-4DC9-93AC-B9B243FF7892}.Release|Any CPU.ActiveCfg = Release|Any CPU
		{57947A89-39A8-4DC9-93AC-B9B243FF7892}.Release|Any CPU.Build.0 = Release|Any CPU
	EndGlobalSection
	GlobalSection(SolutionProperties) = preSolution
		HideSolutionNode = FALSE
	EndGlobalSection
	GlobalSection(ExtensibilityGlobals) = postSolution
		SolutionGuid = {CF5ED235-7714-4E0B-8882-231BF2ACE805}
	EndGlobalSection
EndGlobal
